
Microsoft Visual Studio Solution File, Format Version 12.00
# Visual Studio 14
VisualStudioVersion = 14.0.25420.1
MinimumVisualStudioVersion = 10.0.40219.1
Project("{FAE04EC0-301F-11D3-BF4B-00C04F79EFBC}") = "HomeWork1classAddress", "ConsoleApplication2\HomeWork1classAddress.csproj", "{CAC37D4F-604C-4EA0-9E70-1069B0A72531}"
EndProject
Project("{FAE04EC0-301F-11D3-BF4B-00C04F79EFBC}") = "HomeWork1ClassPramugolnic", "HomeWork1ClassPramugolnic\HomeWork1ClassPramugolnic.csproj", "{70FCA9A2-4B3D-4DDF-9F60-EB51434B0B78}"
EndProject
Global
	GlobalSection(SolutionConfigurationPlatforms) = preSolution
		Debug|Any CPU = Debug|Any CPU
		Release|Any CPU = Release|Any CPU
	EndGlobalSection
	GlobalSection(ProjectConfigurationPlatforms) = postSolution
		{CAC37D4F-604C-4EA0-9E70-1069B0A72531}.Debug|Any CPU.ActiveCfg = Debug|Any CPU
		{CAC37D4F-604C-4EA0-9E70-1069B0A72531}.Debug|Any CPU.Build.0 = Debug|Any CPU
		{CAC37D4F-604C-4EA0-9E70-1069B0A72531}.Release|Any CPU.ActiveCfg = Release|Any CPU
		{CAC37D4F-604C-4EA0-9E70-1069B0A72531}.Release|Any CPU.Build.0 = Release|Any CPU
		{70FCA9A2-4B3D-4DDF-9F60-EB51434B0B78}.Debug|Any CPU.ActiveCfg = Debug|Any CPU
		{70FCA9A2-4B3D-4DDF-9F60-EB51434B0B78}.Debug|Any CPU.Build.0 = Debug|Any CPU
		{70FCA9A2-4B3D-4DDF-9F60-EB51434B0B78}.Release|Any CPU.ActiveCfg = Release|Any CPU
		{70FCA9A2-4B3D-4DDF-9F60-EB51434B0B78}.Release|Any CPU.Build.0 = Release|Any CPU
	EndGlobalSection
	GlobalSection(SolutionProperties) = preSolution
		HideSolutionNode = FALSE
	EndGlobalSection
EndGlobal
